{
  "object": {
    "pins": [
      {
        "package": "LeetCodeRepo",
        "repositoryURL": "https://github.com/Subhra-iOS/LeetCodeRepo.git",
        "state": {
          "branch": null,
          "revision": "048f07ad362f30ef46c8c637461f72c8ceb2f493",
          "version": "1.0.2"
        }
      }
    ]
  },
  "version": 1
}
