{
  "object": {
    "pins": [
      {
        "package": "LeetCodeRepo",
        "repositoryURL": "https://github.com/Subhra-iOS/LeetCodeRepo.git",
        "state": {
          "branch": null,
          "revision": "bfe73914187afc52ba9901af505c8af9e225e105",
          "version": "1.0.8"
        }
      }
    ]
  },
  "version": 1
}
