{
  "object": {
    "pins": [
      {
        "package": "LeetCodeRepo",
        "repositoryURL": "https://github.com/Subhra-iOS/LeetCodeRepo.git",
        "state": {
          "branch": null,
          "revision": "53af417836b13c5cd40962800a76ab5ba9aa1617",
          "version": "1.0.4"
        }
      }
    ]
  },
  "version": 1
}
